PODS:
  - ShapeView (0.6)
  - SnapKit (5.0.0)

DEPENDENCIES:
  - ShapeView (from `../`)
  - SnapKit

SPEC REPOS:
  https://github.com/cocoapods/specs.git:
    - SnapKit

EXTERNAL SOURCES:
  ShapeView:
    :path: "../"

SPEC CHECKSUMS:
  ShapeView: bc9816f61b15d1069513826745c0b9c135826035
  SnapKit: fd22d10eb9aff484d79a8724eab922c1ddf89bcf

PODFILE CHECKSUM: b643a2f8628e841b466bea1ecaedea61f9af4407

COCOAPODS: 1.6.1
